
Microsoft Visual Studio Solution File, Format Version 12.00
# Visual Studio Version 17
VisualStudioVersion = 17.4.33213.308
MinimumVisualStudioVersion = 10.0.40219.1
Project("{FAE04EC0-301F-11D3-BF4B-00C04F79EFBC}") = "Reflection_Example", "Reflection_Example\Reflection_Example.csproj", "{854086EB-2CD4-4A6E-AE9D-80318B03B5D9}"
EndProject
Global
	GlobalSection(SolutionConfigurationPlatforms) = preSolution
		Debug|Any CPU = Debug|Any CPU
		Release|Any CPU = Release|Any CPU
	EndGlobalSection
	GlobalSection(ProjectConfigurationPlatforms) = postSolution
		{854086EB-2CD4-4A6E-AE9D-80318B03B5D9}.Debug|Any CPU.ActiveCfg = Debug|Any CPU
		{854086EB-2CD4-4A6E-AE9D-80318B03B5D9}.Debug|Any CPU.Build.0 = Debug|Any CPU
		{854086EB-2CD4-4A6E-AE9D-80318B03B5D9}.Release|Any CPU.ActiveCfg = Release|Any CPU
		{854086EB-2CD4-4A6E-AE9D-80318B03B5D9}.Release|Any CPU.Build.0 = Release|Any CPU
	EndGlobalSection
	GlobalSection(SolutionProperties) = preSolution
		HideSolutionNode = FALSE
	EndGlobalSection
	GlobalSection(ExtensibilityGlobals) = postSolution
		SolutionGuid = {DB6D2601-FF0D-4519-AECF-B64AC2EF7F44}
	EndGlobalSection
EndGlobal
